
Microsoft Visual Studio Solution File, Format Version 12.00
# Visual Studio 15
VisualStudioVersion = 15.0.26430.14
MinimumVisualStudioVersion = 10.0.40219.1
Project("{FAE04EC0-301F-11D3-BF4B-00C04F79EFBC}") = "TestNugetDeviceOrientationPlugin.Android", "TestNugetDeviceOrientationPlugin\TestNugetDeviceOrientationPlugin.Android\TestNugetDeviceOrientationPlugin.Android.csproj", "{E6C72905-3EB6-454E-879F-CA05AA0C9DAB}"
EndProject
Project("{FAE04EC0-301F-11D3-BF4B-00C04F79EFBC}") = "TestNugetDeviceOrientationPlugin", "TestNugetDeviceOrientationPlugin\TestNugetDeviceOrientationPlugin\TestNugetDeviceOrientationPlugin.csproj", "{0D271521-0395-4123-BA50-4D1AA8655BCD}"
EndProject
Project("{FAE04EC0-301F-11D3-BF4B-00C04F79EFBC}") = "TestNugetDeviceOrientationPlugin.UWP", "TestNugetDeviceOrientationPlugin\TestNugetDeviceOrientationPlugin.UWP\TestNugetDeviceOrientationPlugin.UWP.csproj", "{ACC3CF62-64C1-40F1-A40B-DBB919DF6F82}"
EndProject
Project("{FAE04EC0-301F-11D3-BF4B-00C04F79EFBC}") = "TestNugetDeviceOrientationPlugin.iOS", "TestNugetDeviceOrientationPlugin\TestNugetDeviceOrientationPlugin.iOS\TestNugetDeviceOrientationPlugin.iOS.csproj", "{A32E6997-8CF1-4CC8-A3E8-D6E8A2FEA1F2}"
EndProject
Global
	GlobalSection(SolutionConfigurationPlatforms) = preSolution
		Ad-Hoc|Any CPU = Ad-Hoc|Any CPU
		Ad-Hoc|ARM = Ad-Hoc|ARM
		Ad-Hoc|iPhone = Ad-Hoc|iPhone
		Ad-Hoc|iPhoneSimulator = Ad-Hoc|iPhoneSimulator
		Ad-Hoc|x64 = Ad-Hoc|x64
		Ad-Hoc|x86 = Ad-Hoc|x86
		AppStore|Any CPU = AppStore|Any CPU
		AppStore|ARM = AppStore|ARM
		AppStore|iPhone = AppStore|iPhone
		AppStore|iPhoneSimulator = AppStore|iPhoneSimulator
		AppStore|x64 = AppStore|x64
		AppStore|x86 = AppStore|x86
		Debug|Any CPU = Debug|Any CPU
		Debug|ARM = Debug|ARM
		Debug|iPhone = Debug|iPhone
		Debug|iPhoneSimulator = Debug|iPhoneSimulator
		Debug|x64 = Debug|x64
		Debug|x86 = Debug|x86
		Release|Any CPU = Release|Any CPU
		Release|ARM = Release|ARM
		Release|iPhone = Release|iPhone
		Release|iPhoneSimulator = Release|iPhoneSimulator
		Release|x64 = Release|x64
		Release|x86 = Release|x86
	EndGlobalSection
	GlobalSection(ProjectConfigurationPlatforms) = postSolution
		{E6C72905-3EB6-454E-879F-CA05AA0C9DAB}.Ad-Hoc|Any CPU.ActiveCfg = Release|Any CPU
		{E6C72905-3EB6-454E-879F-CA05AA0C9DAB}.Ad-Hoc|Any CPU.Build.0 = Release|Any CPU
		{E6C72905-3EB6-454E-879F-CA05AA0C9DAB}.Ad-Hoc|Any CPU.Deploy.0 = Release|Any CPU
		{E6C72905-3EB6-454E-879F-CA05AA0C9DAB}.Ad-Hoc|ARM.ActiveCfg = Release|Any CPU
		{E6C72905-3EB6-454E-879F-CA05AA0C9DAB}.Ad-Hoc|ARM.Build.0 = Release|Any CPU
		{E6C72905-3EB6-454E-879F-CA05AA0C9DAB}.Ad-Hoc|ARM.Deploy.0 = Release|Any CPU
		{E6C72905-3EB6-454E-879F-CA05AA0C9DAB}.Ad-Hoc|iPhone.ActiveCfg = Release|Any CPU
		{E6C72905-3EB6-454E-879F-CA05AA0C9DAB}.Ad-Hoc|iPhone.Build.0 = Release|Any CPU
		{E6C72905-3EB6-454E-879F-CA05AA0C9DAB}.Ad-Hoc|iPhone.Deploy.0 = Release|Any CPU
		{E6C72905-3EB6-454E-879F-CA05AA0C9DAB}.Ad-Hoc|iPhoneSimulator.ActiveCfg = Release|Any CPU
		{E6C72905-3EB6-454E-879F-CA05AA0C9DAB}.Ad-Hoc|iPhoneSimulator.Build.0 = Release|Any CPU
		{E6C72905-3EB6-454E-879F-CA05AA0C9DAB}.Ad-Hoc|iPhoneSimulator.Deploy.0 = Release|Any CPU
		{E6C72905-3EB6-454E-879F-CA05AA0C9DAB}.Ad-Hoc|x64.ActiveCfg = Release|Any CPU
		{E6C72905-3EB6-454E-879F-CA05AA0C9DAB}.Ad-Hoc|x64.Build.0 = Release|Any CPU
		{E6C72905-3EB6-454E-879F-CA05AA0C9DAB}.Ad-Hoc|x64.Deploy.0 = Release|Any CPU
		{E6C72905-3EB6-454E-879F-CA05AA0C9DAB}.Ad-Hoc|x86.ActiveCfg = Release|Any CPU
		{E6C72905-3EB6-454E-879F-CA05AA0C9DAB}.Ad-Hoc|x86.Build.0 = Release|Any CPU
		{E6C72905-3EB6-454E-879F-CA05AA0C9DAB}.Ad-Hoc|x86.Deploy.0 = Release|Any CPU
		{E6C72905-3EB6-454E-879F-CA05AA0C9DAB}.AppStore|Any CPU.ActiveCfg = Release|Any CPU
		{E6C72905-3EB6-454E-879F-CA05AA0C9DAB}.AppStore|Any CPU.Build.0 = Release|Any CPU
		{E6C72905-3EB6-454E-879F-CA05AA0C9DAB}.AppStore|Any CPU.Deploy.0 = Release|Any CPU
		{E6C72905-3EB6-454E-879F-CA05AA0C9DAB}.AppStore|ARM.ActiveCfg = Release|Any CPU
		{E6C72905-3EB6-454E-879F-CA05AA0C9DAB}.AppStore|ARM.Build.0 = Release|Any CPU
		{E6C72905-3EB6-454E-879F-CA05AA0C9DAB}.AppStore|ARM.Deploy.0 = Release|Any CPU
		{E6C72905-3EB6-454E-879F-CA05AA0C9DAB}.AppStore|iPhone.ActiveCfg = Release|Any CPU
		{E6C72905-3EB6-454E-879F-CA05AA0C9DAB}.AppStore|iPhone.Build.0 = Release|Any CPU
		{E6C72905-3EB6-454E-879F-CA05AA0C9DAB}.AppStore|iPhone.Deploy.0 = Release|Any CPU
		{E6C72905-3EB6-454E-879F-CA05AA0C9DAB}.AppStore|iPhoneSimulator.ActiveCfg = Release|Any CPU
		{E6C72905-3EB6-454E-879F-CA05AA0C9DAB}.AppStore|iPhoneSimulator.Build.0 = Release|Any CPU
		{E6C72905-3EB6-454E-879F-CA05AA0C9DAB}.AppStore|iPhoneSimulator.Deploy.0 = Release|Any CPU
		{E6C72905-3EB6-454E-879F-CA05AA0C9DAB}.AppStore|x64.ActiveCfg = Release|Any CPU
		{E6C72905-3EB6-454E-879F-CA05AA0C9DAB}.AppStore|x64.Build.0 = Release|Any CPU
		{E6C72905-3EB6-454E-879F-CA05AA0C9DAB}.AppStore|x64.Deploy.0 = Release|Any CPU
		{E6C72905-3EB6-454E-879F-CA05AA0C9DAB}.AppStore|x86.ActiveCfg = Release|Any CPU
		{E6C72905-3EB6-454E-879F-CA05AA0C9DAB}.AppStore|x86.Build.0 = Release|Any CPU
		{E6C72905-3EB6-454E-879F-CA05AA0C9DAB}.AppStore|x86.Deploy.0 = Release|Any CPU
		{E6C72905-3EB6-454E-879F-CA05AA0C9DAB}.Debug|Any CPU.ActiveCfg = Debug|Any CPU
		{E6C72905-3EB6-454E-879F-CA05AA0C9DAB}.Debug|Any CPU.Build.0 = Debug|Any CPU
		{E6C72905-3EB6-454E-879F-CA05AA0C9DAB}.Debug|Any CPU.Deploy.0 = Debug|Any CPU
		{E6C72905-3EB6-454E-879F-CA05AA0C9DAB}.Debug|ARM.ActiveCfg = Debug|Any CPU
		{E6C72905-3EB6-454E-879F-CA05AA0C9DAB}.Debug|ARM.Build.0 = Debug|Any CPU
		{E6C72905-3EB6-454E-879F-CA05AA0C9DAB}.Debug|ARM.Deploy.0 = Debug|Any CPU
		{E6C72905-3EB6-454E-879F-CA05AA0C9DAB}.Debug|iPhone.ActiveCfg = Debug|Any CPU
		{E6C72905-3EB6-454E-879F-CA05AA0C9DAB}.Debug|iPhone.Build.0 = Debug|Any CPU
		{E6C72905-3EB6-454E-879F-CA05AA0C9DAB}.Debug|iPhone.Deploy.0 = Debug|Any CPU
		{E6C72905-3EB6-454E-879F-CA05AA0C9DAB}.Debug|iPhoneSimulator.ActiveCfg = Debug|Any CPU
		{E6C72905-3EB6-454E-879F-CA05AA0C9DAB}.Debug|iPhoneSimulator.Build.0 = Debug|Any CPU
		{E6C72905-3EB6-454E-879F-CA05AA0C9DAB}.Debug|iPhoneSimulator.Deploy.0 = Debug|Any CPU
		{E6C72905-3EB6-454E-879F-CA05AA0C9DAB}.Debug|x64.ActiveCfg = Debug|Any CPU
		{E6C72905-3EB6-454E-879F-CA05AA0C9DAB}.Debug|x64.Build.0 = Debug|Any CPU
		{E6C72905-3EB6-454E-879F-CA05AA0C9DAB}.Debug|x64.Deploy.0 = Debug|Any CPU
		{E6C72905-3EB6-454E-879F-CA05AA0C9DAB}.Debug|x86.ActiveCfg = Debug|Any CPU
		{E6C72905-3EB6-454E-879F-CA05AA0C9DAB}.Debug|x86.Build.0 = Debug|Any CPU
		{E6C72905-3EB6-454E-879F-CA05AA0C9DAB}.Debug|x86.Deploy.0 = Debug|Any CPU
		{E6C72905-3EB6-454E-879F-CA05AA0C9DAB}.Release|Any CPU.ActiveCfg = Release|Any CPU
		{E6C72905-3EB6-454E-879F-CA05AA0C9DAB}.Release|Any CPU.Build.0 = Release|Any CPU
		{E6C72905-3EB6-454E-879F-CA05AA0C9DAB}.Release|Any CPU.Deploy.0 = Release|Any CPU
		{E6C72905-3EB6-454E-879F-CA05AA0C9DAB}.Release|ARM.ActiveCfg = Release|Any CPU
		{E6C72905-3EB6-454E-879F-CA05AA0C9DAB}.Release|ARM.Build.0 = Release|Any CPU
		{E6C72905-3EB6-454E-879F-CA05AA0C9DAB}.Release|ARM.Deploy.0 = Release|Any CPU
		{E6C72905-3EB6-454E-879F-CA05AA0C9DAB}.Release|iPhone.ActiveCfg = Release|Any CPU
		{E6C72905-3EB6-454E-879F-CA05AA0C9DAB}.Release|iPhone.Build.0 = Release|Any CPU
		{E6C72905-3EB6-454E-879F-CA05AA0C9DAB}.Release|iPhone.Deploy.0 = Release|Any CPU
		{E6C72905-3EB6-454E-879F-CA05AA0C9DAB}.Release|iPhoneSimulator.ActiveCfg = Release|Any CPU
		{E6C72905-3EB6-454E-879F-CA05AA0C9DAB}.Release|iPhoneSimulator.Build.0 = Release|Any CPU
		{E6C72905-3EB6-454E-879F-CA05AA0C9DAB}.Release|iPhoneSimulator.Deploy.0 = Release|Any CPU
		{E6C72905-3EB6-454E-879F-CA05AA0C9DAB}.Release|x64.ActiveCfg = Release|Any CPU
		{E6C72905-3EB6-454E-879F-CA05AA0C9DAB}.Release|x64.Build.0 = Release|Any CPU
		{E6C72905-3EB6-454E-879F-CA05AA0C9DAB}.Release|x64.Deploy.0 = Release|Any CPU
		{E6C72905-3EB6-454E-879F-CA05AA0C9DAB}.Release|x86.ActiveCfg = Release|Any CPU
		{E6C72905-3EB6-454E-879F-CA05AA0C9DAB}.Release|x86.Build.0 = Release|Any CPU
		{E6C72905-3EB6-454E-879F-CA05AA0C9DAB}.Release|x86.Deploy.0 = Release|Any CPU
		{0D271521-0395-4123-BA50-4D1AA8655BCD}.Ad-Hoc|Any CPU.ActiveCfg = Release|Any CPU
		{0D271521-0395-4123-BA50-4D1AA8655BCD}.Ad-Hoc|Any CPU.Build.0 = Release|Any CPU
		{0D271521-0395-4123-BA50-4D1AA8655BCD}.Ad-Hoc|ARM.ActiveCfg = Release|Any CPU
		{0D271521-0395-4123-BA50-4D1AA8655BCD}.Ad-Hoc|ARM.Build.0 = Release|Any CPU
		{0D271521-0395-4123-BA50-4D1AA8655BCD}.Ad-Hoc|iPhone.ActiveCfg = Release|Any CPU
		{0D271521-0395-4123-BA50-4D1AA8655BCD}.Ad-Hoc|iPhone.Build.0 = Release|Any CPU
		{0D271521-0395-4123-BA50-4D1AA8655BCD}.Ad-Hoc|iPhoneSimulator.ActiveCfg = Release|Any CPU
		{0D271521-0395-4123-BA50-4D1AA8655BCD}.Ad-Hoc|iPhoneSimulator.Build.0 = Release|Any CPU
		{0D271521-0395-4123-BA50-4D1AA8655BCD}.Ad-Hoc|x64.ActiveCfg = Release|Any CPU
		{0D271521-0395-4123-BA50-4D1AA8655BCD}.Ad-Hoc|x64.Build.0 = Release|Any CPU
		{0D271521-0395-4123-BA50-4D1AA8655BCD}.Ad-Hoc|x86.ActiveCfg = Release|Any CPU
		{0D271521-0395-4123-BA50-4D1AA8655BCD}.Ad-Hoc|x86.Build.0 = Release|Any CPU
		{0D271521-0395-4123-BA50-4D1AA8655BCD}.AppStore|Any CPU.ActiveCfg = Release|Any CPU
		{0D271521-0395-4123-BA50-4D1AA8655BCD}.AppStore|Any CPU.Build.0 = Release|Any CPU
		{0D271521-0395-4123-BA50-4D1AA8655BCD}.AppStore|ARM.ActiveCfg = Release|Any CPU
		{0D271521-0395-4123-BA50-4D1AA8655BCD}.AppStore|ARM.Build.0 = Release|Any CPU
		{0D271521-0395-4123-BA50-4D1AA8655BCD}.AppStore|iPhone.ActiveCfg = Release|Any CPU
		{0D271521-0395-4123-BA50-4D1AA8655BCD}.AppStore|iPhone.Build.0 = Release|Any CPU
		{0D271521-0395-4123-BA50-4D1AA8655BCD}.AppStore|iPhoneSimulator.ActiveCfg = Release|Any CPU
		{0D271521-0395-4123-BA50-4D1AA8655BCD}.AppStore|iPhoneSimulator.Build.0 = Release|Any CPU
		{0D271521-0395-4123-BA50-4D1AA8655BCD}.AppStore|x64.ActiveCfg = Release|Any CPU
		{0D271521-0395-4123-BA50-4D1AA8655BCD}.AppStore|x64.Build.0 = Release|Any CPU
		{0D271521-0395-4123-BA50-4D1AA8655BCD}.AppStore|x86.ActiveCfg = Release|Any CPU
		{0D271521-0395-4123-BA50-4D1AA8655BCD}.AppStore|x86.Build.0 = Release|Any CPU
		{0D271521-0395-4123-BA50-4D1AA8655BCD}.Debug|Any CPU.ActiveCfg = Debug|Any CPU
		{0D271521-0395-4123-BA50-4D1AA8655BCD}.Debug|Any CPU.Build.0 = Debug|Any CPU
		{0D271521-0395-4123-BA50-4D1AA8655BCD}.Debug|ARM.ActiveCfg = Debug|Any CPU
		{0D271521-0395-4123-BA50-4D1AA8655BCD}.Debug|ARM.Build.0 = Debug|Any CPU
		{0D271521-0395-4123-BA50-4D1AA8655BCD}.Debug|iPhone.ActiveCfg = Debug|Any CPU
		{0D271521-0395-4123-BA50-4D1AA8655BCD}.Debug|iPhone.Build.0 = Debug|Any CPU
		{0D271521-0395-4123-BA50-4D1AA8655BCD}.Debug|iPhoneSimulator.ActiveCfg = Debug|Any CPU
		{0D271521-0395-4123-BA50-4D1AA8655BCD}.Debug|iPhoneSimulator.Build.0 = Debug|Any CPU
		{0D271521-0395-4123-BA50-4D1AA8655BCD}.Debug|x64.ActiveCfg = Debug|Any CPU
		{0D271521-0395-4123-BA50-4D1AA8655BCD}.Debug|x64.Build.0 = Debug|Any CPU
		{0D271521-0395-4123-BA50-4D1AA8655BCD}.Debug|x86.ActiveCfg = Debug|Any CPU
		{0D271521-0395-4123-BA50-4D1AA8655BCD}.Debug|x86.Build.0 = Debug|Any CPU
		{0D271521-0395-4123-BA50-4D1AA8655BCD}.Release|Any CPU.ActiveCfg = Release|Any CPU
		{0D271521-0395-4123-BA50-4D1AA8655BCD}.Release|Any CPU.Build.0 = Release|Any CPU
		{0D271521-0395-4123-BA50-4D1AA8655BCD}.Release|ARM.ActiveCfg = Release|Any CPU
		{0D271521-0395-4123-BA50-4D1AA8655BCD}.Release|ARM.Build.0 = Release|Any CPU
		{0D271521-0395-4123-BA50-4D1AA8655BCD}.Release|iPhone.ActiveCfg = Release|Any CPU
		{0D271521-0395-4123-BA50-4D1AA8655BCD}.Release|iPhone.Build.0 = Release|Any CPU
		{0D271521-0395-4123-BA50-4D1AA8655BCD}.Release|iPhoneSimulator.ActiveCfg = Release|Any CPU
		{0D271521-0395-4123-BA50-4D1AA8655BCD}.Release|iPhoneSimulator.Build.0 = Release|Any CPU
		{0D271521-0395-4123-BA50-4D1AA8655BCD}.Release|x64.ActiveCfg = Release|Any CPU
		{0D271521-0395-4123-BA50-4D1AA8655BCD}.Release|x64.Build.0 = Release|Any CPU
		{0D271521-0395-4123-BA50-4D1AA8655BCD}.Release|x86.ActiveCfg = Release|Any CPU
		{0D271521-0395-4123-BA50-4D1AA8655BCD}.Release|x86.Build.0 = Release|Any CPU
		{ACC3CF62-64C1-40F1-A40B-DBB919DF6F82}.Ad-Hoc|Any CPU.ActiveCfg = Release|x86
		{ACC3CF62-64C1-40F1-A40B-DBB919DF6F82}.Ad-Hoc|Any CPU.Build.0 = Release|x86
		{ACC3CF62-64C1-40F1-A40B-DBB919DF6F82}.Ad-Hoc|Any CPU.Deploy.0 = Release|x86
		{ACC3CF62-64C1-40F1-A40B-DBB919DF6F82}.Ad-Hoc|ARM.ActiveCfg = Release|ARM
		{ACC3CF62-64C1-40F1-A40B-DBB919DF6F82}.Ad-Hoc|ARM.Build.0 = Release|ARM
		{ACC3CF62-64C1-40F1-A40B-DBB919DF6F82}.Ad-Hoc|ARM.Deploy.0 = Release|ARM
		{ACC3CF62-64C1-40F1-A40B-DBB919DF6F82}.Ad-Hoc|iPhone.ActiveCfg = Release|x86
		{ACC3CF62-64C1-40F1-A40B-DBB919DF6F82}.Ad-Hoc|iPhone.Build.0 = Release|x86
		{ACC3CF62-64C1-40F1-A40B-DBB919DF6F82}.Ad-Hoc|iPhone.Deploy.0 = Release|x86
		{ACC3CF62-64C1-40F1-A40B-DBB919DF6F82}.Ad-Hoc|iPhoneSimulator.ActiveCfg = Release|x86
		{ACC3CF62-64C1-40F1-A40B-DBB919DF6F82}.Ad-Hoc|iPhoneSimulator.Build.0 = Release|x86
		{ACC3CF62-64C1-40F1-A40B-DBB919DF6F82}.Ad-Hoc|iPhoneSimulator.Deploy.0 = Release|x86
		{ACC3CF62-64C1-40F1-A40B-DBB919DF6F82}.Ad-Hoc|x64.ActiveCfg = Release|x64
		{ACC3CF62-64C1-40F1-A40B-DBB919DF6F82}.Ad-Hoc|x64.Build.0 = Release|x64
		{ACC3CF62-64C1-40F1-A40B-DBB919DF6F82}.Ad-Hoc|x64.Deploy.0 = Release|x64
		{ACC3CF62-64C1-40F1-A40B-DBB919DF6F82}.Ad-Hoc|x86.ActiveCfg = Release|x86
		{ACC3CF62-64C1-40F1-A40B-DBB919DF6F82}.Ad-Hoc|x86.Build.0 = Release|x86
		{ACC3CF62-64C1-40F1-A40B-DBB919DF6F82}.Ad-Hoc|x86.Deploy.0 = Release|x86
		{ACC3CF62-64C1-40F1-A40B-DBB919DF6F82}.AppStore|Any CPU.ActiveCfg = Release|x86
		{ACC3CF62-64C1-40F1-A40B-DBB919DF6F82}.AppStore|Any CPU.Build.0 = Release|x86
		{ACC3CF62-64C1-40F1-A40B-DBB919DF6F82}.AppStore|Any CPU.Deploy.0 = Release|x86
		{ACC3CF62-64C1-40F1-A40B-DBB919DF6F82}.AppStore|ARM.ActiveCfg = Release|ARM
		{ACC3CF62-64C1-40F1-A40B-DBB919DF6F82}.AppStore|ARM.Build.0 = Release|ARM
		{ACC3CF62-64C1-40F1-A40B-DBB919DF6F82}.AppStore|ARM.Deploy.0 = Release|ARM
		{ACC3CF62-64C1-40F1-A40B-DBB919DF6F82}.AppStore|iPhone.ActiveCfg = Release|x86
		{ACC3CF62-64C1-40F1-A40B-DBB919DF6F82}.AppStore|iPhone.Build.0 = Release|x86
		{ACC3CF62-64C1-40F1-A40B-DBB919DF6F82}.AppStore|iPhone.Deploy.0 = Release|x86
		{ACC3CF62-64C1-40F1-A40B-DBB919DF6F82}.AppStore|iPhoneSimulator.ActiveCfg = Release|x86
		{ACC3CF62-64C1-40F1-A40B-DBB919DF6F82}.AppStore|iPhoneSimulator.Build.0 = Release|x86
		{ACC3CF62-64C1-40F1-A40B-DBB919DF6F82}.AppStore|iPhoneSimulator.Deploy.0 = Release|x86
		{ACC3CF62-64C1-40F1-A40B-DBB919DF6F82}.AppStore|x64.ActiveCfg = Release|x64
		{ACC3CF62-64C1-40F1-A40B-DBB919DF6F82}.AppStore|x64.Build.0 = Release|x64
		{ACC3CF62-64C1-40F1-A40B-DBB919DF6F82}.AppStore|x64.Deploy.0 = Release|x64
		{ACC3CF62-64C1-40F1-A40B-DBB919DF6F82}.AppStore|x86.ActiveCfg = Release|x86
		{ACC3CF62-64C1-40F1-A40B-DBB919DF6F82}.AppStore|x86.Build.0 = Release|x86
		{ACC3CF62-64C1-40F1-A40B-DBB919DF6F82}.AppStore|x86.Deploy.0 = Release|x86
		{ACC3CF62-64C1-40F1-A40B-DBB919DF6F82}.Debug|Any CPU.ActiveCfg = Debug|x86
		{ACC3CF62-64C1-40F1-A40B-DBB919DF6F82}.Debug|ARM.ActiveCfg = Debug|ARM
		{ACC3CF62-64C1-40F1-A40B-DBB919DF6F82}.Debug|ARM.Build.0 = Debug|ARM
		{ACC3CF62-64C1-40F1-A40B-DBB919DF6F82}.Debug|ARM.Deploy.0 = Debug|ARM
		{ACC3CF62-64C1-40F1-A40B-DBB919DF6F82}.Debug|iPhone.ActiveCfg = Debug|x86
		{ACC3CF62-64C1-40F1-A40B-DBB919DF6F82}.Debug|iPhoneSimulator.ActiveCfg = Debug|x86
		{ACC3CF62-64C1-40F1-A40B-DBB919DF6F82}.Debug|x64.ActiveCfg = Debug|x64
		{ACC3CF62-64C1-40F1-A40B-DBB919DF6F82}.Debug|x64.Build.0 = Debug|x64
		{ACC3CF62-64C1-40F1-A40B-DBB919DF6F82}.Debug|x64.Deploy.0 = Debug|x64
		{ACC3CF62-64C1-40F1-A40B-DBB919DF6F82}.Debug|x86.ActiveCfg = Debug|x86
		{ACC3CF62-64C1-40F1-A40B-DBB919DF6F82}.Debug|x86.Build.0 = Debug|x86
		{ACC3CF62-64C1-40F1-A40B-DBB919DF6F82}.Debug|x86.Deploy.0 = Debug|x86
		{ACC3CF62-64C1-40F1-A40B-DBB919DF6F82}.Release|Any CPU.ActiveCfg = Release|x86
		{ACC3CF62-64C1-40F1-A40B-DBB919DF6F82}.Release|ARM.ActiveCfg = Release|ARM
		{ACC3CF62-64C1-40F1-A40B-DBB919DF6F82}.Release|ARM.Build.0 = Release|ARM
		{ACC3CF62-64C1-40F1-A40B-DBB919DF6F82}.Release|ARM.Deploy.0 = Release|ARM
		{ACC3CF62-64C1-40F1-A40B-DBB919DF6F82}.Release|iPhone.ActiveCfg = Release|x86
		{ACC3CF62-64C1-40F1-A40B-DBB919DF6F82}.Release|iPhoneSimulator.ActiveCfg = Release|x86
		{ACC3CF62-64C1-40F1-A40B-DBB919DF6F82}.Release|x64.ActiveCfg = Release|x64
		{ACC3CF62-64C1-40F1-A40B-DBB919DF6F82}.Release|x64.Build.0 = Release|x64
		{ACC3CF62-64C1-40F1-A40B-DBB919DF6F82}.Release|x64.Deploy.0 = Release|x64
		{ACC3CF62-64C1-40F1-A40B-DBB919DF6F82}.Release|x86.ActiveCfg = Release|x86
		{ACC3CF62-64C1-40F1-A40B-DBB919DF6F82}.Release|x86.Build.0 = Release|x86
		{ACC3CF62-64C1-40F1-A40B-DBB919DF6F82}.Release|x86.Deploy.0 = Release|x86
		{A32E6997-8CF1-4CC8-A3E8-D6E8A2FEA1F2}.Ad-Hoc|Any CPU.ActiveCfg = Ad-Hoc|iPhone
		{A32E6997-8CF1-4CC8-A3E8-D6E8A2FEA1F2}.Ad-Hoc|ARM.ActiveCfg = Ad-Hoc|iPhone
		{A32E6997-8CF1-4CC8-A3E8-D6E8A2FEA1F2}.Ad-Hoc|iPhone.ActiveCfg = Ad-Hoc|iPhone
		{A32E6997-8CF1-4CC8-A3E8-D6E8A2FEA1F2}.Ad-Hoc|iPhone.Build.0 = Ad-Hoc|iPhone
		{A32E6997-8CF1-4CC8-A3E8-D6E8A2FEA1F2}.Ad-Hoc|iPhoneSimulator.ActiveCfg = Ad-Hoc|iPhoneSimulator
		{A32E6997-8CF1-4CC8-A3E8-D6E8A2FEA1F2}.Ad-Hoc|iPhoneSimulator.Build.0 = Ad-Hoc|iPhoneSimulator
		{A32E6997-8CF1-4CC8-A3E8-D6E8A2FEA1F2}.Ad-Hoc|x64.ActiveCfg = Ad-Hoc|iPhone
		{A32E6997-8CF1-4CC8-A3E8-D6E8A2FEA1F2}.Ad-Hoc|x86.ActiveCfg = Ad-Hoc|iPhone
		{A32E6997-8CF1-4CC8-A3E8-D6E8A2FEA1F2}.AppStore|Any CPU.ActiveCfg = AppStore|iPhone
		{A32E6997-8CF1-4CC8-A3E8-D6E8A2FEA1F2}.AppStore|ARM.ActiveCfg = AppStore|iPhone
		{A32E6997-8CF1-4CC8-A3E8-D6E8A2FEA1F2}.AppStore|iPhone.ActiveCfg = AppStore|iPhone
		{A32E6997-8CF1-4CC8-A3E8-D6E8A2FEA1F2}.AppStore|iPhone.Build.0 = AppStore|iPhone
		{A32E6997-8CF1-4CC8-A3E8-D6E8A2FEA1F2}.AppStore|iPhoneSimulator.ActiveCfg = AppStore|iPhoneSimulator
		{A32E6997-8CF1-4CC8-A3E8-D6E8A2FEA1F2}.AppStore|iPhoneSimulator.Build.0 = AppStore|iPhoneSimulator
		{A32E6997-8CF1-4CC8-A3E8-D6E8A2FEA1F2}.AppStore|x64.ActiveCfg = AppStore|iPhone
		{A32E6997-8CF1-4CC8-A3E8-D6E8A2FEA1F2}.AppStore|x86.ActiveCfg = AppStore|iPhone
		{A32E6997-8CF1-4CC8-A3E8-D6E8A2FEA1F2}.Debug|Any CPU.ActiveCfg = Debug|iPhone
		{A32E6997-8CF1-4CC8-A3E8-D6E8A2FEA1F2}.Debug|ARM.ActiveCfg = Debug|iPhone
		{A32E6997-8CF1-4CC8-A3E8-D6E8A2FEA1F2}.Debug|iPhone.ActiveCfg = Debug|iPhone
		{A32E6997-8CF1-4CC8-A3E8-D6E8A2FEA1F2}.Debug|iPhone.Build.0 = Debug|iPhone
		{A32E6997-8CF1-4CC8-A3E8-D6E8A2FEA1F2}.Debug|iPhoneSimulator.ActiveCfg = Debug|iPhoneSimulator
		{A32E6997-8CF1-4CC8-A3E8-D6E8A2FEA1F2}.Debug|iPhoneSimulator.Build.0 = Debug|iPhoneSimulator
		{A32E6997-8CF1-4CC8-A3E8-D6E8A2FEA1F2}.Debug|x64.ActiveCfg = Debug|iPhone
		{A32E6997-8CF1-4CC8-A3E8-D6E8A2FEA1F2}.Debug|x86.ActiveCfg = Debug|iPhone
		{A32E6997-8CF1-4CC8-A3E8-D6E8A2FEA1F2}.Release|Any CPU.ActiveCfg = Release|iPhone
		{A32E6997-8CF1-4CC8-A3E8-D6E8A2FEA1F2}.Release|ARM.ActiveCfg = Release|iPhone
		{A32E6997-8CF1-4CC8-A3E8-D6E8A2FEA1F2}.Release|iPhone.ActiveCfg = Release|iPhone
		{A32E6997-8CF1-4CC8-A3E8-D6E8A2FEA1F2}.Release|iPhone.Build.0 = Release|iPhone
		{A32E6997-8CF1-4CC8-A3E8-D6E8A2FEA1F2}.Release|iPhoneSimulator.ActiveCfg = Release|iPhoneSimulator
		{A32E6997-8CF1-4CC8-A3E8-D6E8A2FEA1F2}.Release|iPhoneSimulator.Build.0 = Release|iPhoneSimulator
		{A32E6997-8CF1-4CC8-A3E8-D6E8A2FEA1F2}.Release|x64.ActiveCfg = Release|iPhone
		{A32E6997-8CF1-4CC8-A3E8-D6E8A2FEA1F2}.Release|x86.ActiveCfg = Release|iPhone
	EndGlobalSection
	GlobalSection(SolutionProperties) = preSolution
		HideSolutionNode = FALSE
	EndGlobalSection
EndGlobal
