
Microsoft Visual Studio Solution File, Format Version 12.00
# Visual Studio 15
VisualStudioVersion = 15.0.26430.14
MinimumVisualStudioVersion = 10.0.40219.1
Project("{FAE04EC0-301F-11D3-BF4B-00C04F79EFBC}") = "DeviceOrientation.Samples.Droid", "DeviceOrientation.Samples.Droid\DeviceOrientation.Samples.Droid.csproj", "{EA0D4CD9-528F-4A13-8686-772A803F114B}"
EndProject
Project("{FAE04EC0-301F-11D3-BF4B-00C04F79EFBC}") = "DeviceOrientation.Samples.iOS", "DeviceOrientation.Samples.iOS\DeviceOrientation.Samples.iOS.csproj", "{13FC7311-F0A4-4422-995F-AD893B00D14F}"
EndProject
Project("{FAE04EC0-301F-11D3-BF4B-00C04F79EFBC}") = "DeviceOrientation.Samples", "DeviceOrientation.Samples\DeviceOrientation.Samples.csproj", "{1359B846-CF5E-456E-815E-D617B7C5B31B}"
EndProject
Project("{2150E333-8FDC-42A3-9474-1A3956D46DE8}") = "Plugin", "Plugin", "{98835ADF-EC2A-43B8-8942-58673A56304E}"
EndProject
Project("{FAE04EC0-301F-11D3-BF4B-00C04F79EFBC}") = "DeviceOrientation.Samples.UWP", "DeviceOrientation.Samples.UWP\DeviceOrientation.Samples.UWP.csproj", "{488DB39B-204B-44CA-B88A-35290D9B99D0}"
EndProject
Project("{FAE04EC0-301F-11D3-BF4B-00C04F79EFBC}") = "Plugin.DeviceOrientation", "..\src\DeviceOrientation\Plugin.DeviceOrientation\Plugin.DeviceOrientation.csproj", "{A6FCEF44-D2BA-42C7-B3CB-13667BCD7B54}"
EndProject
Project("{FAE04EC0-301F-11D3-BF4B-00C04F79EFBC}") = "Plugin.DeviceOrientation.Abstractions", "..\src\DeviceOrientation\Plugin.DeviceOrientation.Abstractions\Plugin.DeviceOrientation.Abstractions.csproj", "{6EDB0588-FFC5-4EF5-8A99-9E241D0F878D}"
EndProject
Project("{FAE04EC0-301F-11D3-BF4B-00C04F79EFBC}") = "Plugin.DeviceOrientation.Android", "..\src\DeviceOrientation\Plugin.DeviceOrientation.Android\Plugin.DeviceOrientation.Android.csproj", "{56A56F17-7DE1-4CA1-9617-BF32E971AC84}"
EndProject
Project("{FAE04EC0-301F-11D3-BF4B-00C04F79EFBC}") = "Plugin.DeviceOrientation.iOS", "..\src\DeviceOrientation\Plugin.DeviceOrientation.iOS\Plugin.DeviceOrientation.iOS.csproj", "{2882AEEB-D4CD-4EB9-8A6C-6653B33681F0}"
EndProject
Project("{FAE04EC0-301F-11D3-BF4B-00C04F79EFBC}") = "Plugin.DeviceOrientation.UWP", "..\src\DeviceOrientation\Plugin.DeviceOrientation.UWP\Plugin.DeviceOrientation.UWP.csproj", "{E34B516D-C0D8-450F-9DB0-BB6A5B04AEF1}"
EndProject
Global
	GlobalSection(SolutionConfigurationPlatforms) = preSolution
		AppStore|Any CPU = AppStore|Any CPU
		AppStore|ARM = AppStore|ARM
		AppStore|iPhone = AppStore|iPhone
		AppStore|iPhoneSimulator = AppStore|iPhoneSimulator
		AppStore|x64 = AppStore|x64
		AppStore|x86 = AppStore|x86
		Debug|Any CPU = Debug|Any CPU
		Debug|ARM = Debug|ARM
		Debug|iPhone = Debug|iPhone
		Debug|iPhoneSimulator = Debug|iPhoneSimulator
		Debug|x64 = Debug|x64
		Debug|x86 = Debug|x86
		Release|Any CPU = Release|Any CPU
		Release|ARM = Release|ARM
		Release|iPhone = Release|iPhone
		Release|iPhoneSimulator = Release|iPhoneSimulator
		Release|x64 = Release|x64
		Release|x86 = Release|x86
	EndGlobalSection
	GlobalSection(ProjectConfigurationPlatforms) = postSolution
		{EA0D4CD9-528F-4A13-8686-772A803F114B}.AppStore|Any CPU.ActiveCfg = Release|Any CPU
		{EA0D4CD9-528F-4A13-8686-772A803F114B}.AppStore|Any CPU.Build.0 = Release|Any CPU
		{EA0D4CD9-528F-4A13-8686-772A803F114B}.AppStore|Any CPU.Deploy.0 = Release|Any CPU
		{EA0D4CD9-528F-4A13-8686-772A803F114B}.AppStore|ARM.ActiveCfg = Release|Any CPU
		{EA0D4CD9-528F-4A13-8686-772A803F114B}.AppStore|ARM.Build.0 = Release|Any CPU
		{EA0D4CD9-528F-4A13-8686-772A803F114B}.AppStore|ARM.Deploy.0 = Release|Any CPU
		{EA0D4CD9-528F-4A13-8686-772A803F114B}.AppStore|iPhone.ActiveCfg = Release|Any CPU
		{EA0D4CD9-528F-4A13-8686-772A803F114B}.AppStore|iPhone.Build.0 = Release|Any CPU
		{EA0D4CD9-528F-4A13-8686-772A803F114B}.AppStore|iPhone.Deploy.0 = Release|Any CPU
		{EA0D4CD9-528F-4A13-8686-772A803F114B}.AppStore|iPhoneSimulator.ActiveCfg = Release|Any CPU
		{EA0D4CD9-528F-4A13-8686-772A803F114B}.AppStore|iPhoneSimulator.Build.0 = Release|Any CPU
		{EA0D4CD9-528F-4A13-8686-772A803F114B}.AppStore|iPhoneSimulator.Deploy.0 = Release|Any CPU
		{EA0D4CD9-528F-4A13-8686-772A803F114B}.AppStore|x64.ActiveCfg = Debug|Any CPU
		{EA0D4CD9-528F-4A13-8686-772A803F114B}.AppStore|x64.Build.0 = Debug|Any CPU
		{EA0D4CD9-528F-4A13-8686-772A803F114B}.AppStore|x64.Deploy.0 = Debug|Any CPU
		{EA0D4CD9-528F-4A13-8686-772A803F114B}.AppStore|x86.ActiveCfg = Release|Any CPU
		{EA0D4CD9-528F-4A13-8686-772A803F114B}.AppStore|x86.Build.0 = Release|Any CPU
		{EA0D4CD9-528F-4A13-8686-772A803F114B}.AppStore|x86.Deploy.0 = Release|Any CPU
		{EA0D4CD9-528F-4A13-8686-772A803F114B}.Debug|Any CPU.ActiveCfg = Debug|Any CPU
		{EA0D4CD9-528F-4A13-8686-772A803F114B}.Debug|Any CPU.Build.0 = Debug|Any CPU
		{EA0D4CD9-528F-4A13-8686-772A803F114B}.Debug|Any CPU.Deploy.0 = Debug|Any CPU
		{EA0D4CD9-528F-4A13-8686-772A803F114B}.Debug|ARM.ActiveCfg = Debug|Any CPU
		{EA0D4CD9-528F-4A13-8686-772A803F114B}.Debug|ARM.Build.0 = Debug|Any CPU
		{EA0D4CD9-528F-4A13-8686-772A803F114B}.Debug|ARM.Deploy.0 = Debug|Any CPU
		{EA0D4CD9-528F-4A13-8686-772A803F114B}.Debug|iPhone.ActiveCfg = Debug|Any CPU
		{EA0D4CD9-528F-4A13-8686-772A803F114B}.Debug|iPhone.Build.0 = Debug|Any CPU
		{EA0D4CD9-528F-4A13-8686-772A803F114B}.Debug|iPhone.Deploy.0 = Debug|Any CPU
		{EA0D4CD9-528F-4A13-8686-772A803F114B}.Debug|iPhoneSimulator.ActiveCfg = Debug|Any CPU
		{EA0D4CD9-528F-4A13-8686-772A803F114B}.Debug|iPhoneSimulator.Build.0 = Debug|Any CPU
		{EA0D4CD9-528F-4A13-8686-772A803F114B}.Debug|iPhoneSimulator.Deploy.0 = Debug|Any CPU
		{EA0D4CD9-528F-4A13-8686-772A803F114B}.Debug|x64.ActiveCfg = Debug|Any CPU
		{EA0D4CD9-528F-4A13-8686-772A803F114B}.Debug|x64.Build.0 = Debug|Any CPU
		{EA0D4CD9-528F-4A13-8686-772A803F114B}.Debug|x64.Deploy.0 = Debug|Any CPU
		{EA0D4CD9-528F-4A13-8686-772A803F114B}.Debug|x86.ActiveCfg = Debug|Any CPU
		{EA0D4CD9-528F-4A13-8686-772A803F114B}.Debug|x86.Build.0 = Debug|Any CPU
		{EA0D4CD9-528F-4A13-8686-772A803F114B}.Debug|x86.Deploy.0 = Debug|Any CPU
		{EA0D4CD9-528F-4A13-8686-772A803F114B}.Release|Any CPU.ActiveCfg = Release|Any CPU
		{EA0D4CD9-528F-4A13-8686-772A803F114B}.Release|Any CPU.Build.0 = Release|Any CPU
		{EA0D4CD9-528F-4A13-8686-772A803F114B}.Release|Any CPU.Deploy.0 = Release|Any CPU
		{EA0D4CD9-528F-4A13-8686-772A803F114B}.Release|ARM.ActiveCfg = Release|Any CPU
		{EA0D4CD9-528F-4A13-8686-772A803F114B}.Release|ARM.Build.0 = Release|Any CPU
		{EA0D4CD9-528F-4A13-8686-772A803F114B}.Release|ARM.Deploy.0 = Release|Any CPU
		{EA0D4CD9-528F-4A13-8686-772A803F114B}.Release|iPhone.ActiveCfg = Release|Any CPU
		{EA0D4CD9-528F-4A13-8686-772A803F114B}.Release|iPhone.Build.0 = Release|Any CPU
		{EA0D4CD9-528F-4A13-8686-772A803F114B}.Release|iPhone.Deploy.0 = Release|Any CPU
		{EA0D4CD9-528F-4A13-8686-772A803F114B}.Release|iPhoneSimulator.ActiveCfg = Release|Any CPU
		{EA0D4CD9-528F-4A13-8686-772A803F114B}.Release|iPhoneSimulator.Build.0 = Release|Any CPU
		{EA0D4CD9-528F-4A13-8686-772A803F114B}.Release|iPhoneSimulator.Deploy.0 = Release|Any CPU
		{EA0D4CD9-528F-4A13-8686-772A803F114B}.Release|x64.ActiveCfg = Release|Any CPU
		{EA0D4CD9-528F-4A13-8686-772A803F114B}.Release|x64.Build.0 = Release|Any CPU
		{EA0D4CD9-528F-4A13-8686-772A803F114B}.Release|x64.Deploy.0 = Release|Any CPU
		{EA0D4CD9-528F-4A13-8686-772A803F114B}.Release|x86.ActiveCfg = Release|Any CPU
		{EA0D4CD9-528F-4A13-8686-772A803F114B}.Release|x86.Build.0 = Release|Any CPU
		{EA0D4CD9-528F-4A13-8686-772A803F114B}.Release|x86.Deploy.0 = Release|Any CPU
		{13FC7311-F0A4-4422-995F-AD893B00D14F}.AppStore|Any CPU.ActiveCfg = Release|iPhoneSimulator
		{13FC7311-F0A4-4422-995F-AD893B00D14F}.AppStore|Any CPU.Build.0 = Release|iPhoneSimulator
		{13FC7311-F0A4-4422-995F-AD893B00D14F}.AppStore|ARM.ActiveCfg = Release|iPhoneSimulator
		{13FC7311-F0A4-4422-995F-AD893B00D14F}.AppStore|ARM.Build.0 = Release|iPhoneSimulator
		{13FC7311-F0A4-4422-995F-AD893B00D14F}.AppStore|iPhone.ActiveCfg = Release|iPhone
		{13FC7311-F0A4-4422-995F-AD893B00D14F}.AppStore|iPhone.Build.0 = Release|iPhone
		{13FC7311-F0A4-4422-995F-AD893B00D14F}.AppStore|iPhoneSimulator.ActiveCfg = Release|iPhoneSimulator
		{13FC7311-F0A4-4422-995F-AD893B00D14F}.AppStore|iPhoneSimulator.Build.0 = Release|iPhoneSimulator
		{13FC7311-F0A4-4422-995F-AD893B00D14F}.AppStore|x64.ActiveCfg = Release|iPhoneSimulator
		{13FC7311-F0A4-4422-995F-AD893B00D14F}.AppStore|x64.Build.0 = Release|iPhoneSimulator
		{13FC7311-F0A4-4422-995F-AD893B00D14F}.AppStore|x86.ActiveCfg = Release|iPhoneSimulator
		{13FC7311-F0A4-4422-995F-AD893B00D14F}.AppStore|x86.Build.0 = Release|iPhoneSimulator
		{13FC7311-F0A4-4422-995F-AD893B00D14F}.Debug|Any CPU.ActiveCfg = Debug|iPhone
		{13FC7311-F0A4-4422-995F-AD893B00D14F}.Debug|ARM.ActiveCfg = Debug|iPhone
		{13FC7311-F0A4-4422-995F-AD893B00D14F}.Debug|iPhone.ActiveCfg = Debug|iPhone
		{13FC7311-F0A4-4422-995F-AD893B00D14F}.Debug|iPhone.Build.0 = Debug|iPhone
		{13FC7311-F0A4-4422-995F-AD893B00D14F}.Debug|iPhoneSimulator.ActiveCfg = Debug|iPhoneSimulator
		{13FC7311-F0A4-4422-995F-AD893B00D14F}.Debug|iPhoneSimulator.Build.0 = Debug|iPhoneSimulator
		{13FC7311-F0A4-4422-995F-AD893B00D14F}.Debug|x64.ActiveCfg = Debug|iPhoneSimulator
		{13FC7311-F0A4-4422-995F-AD893B00D14F}.Debug|x86.ActiveCfg = Debug|iPhone
		{13FC7311-F0A4-4422-995F-AD893B00D14F}.Release|Any CPU.ActiveCfg = Release|iPhone
		{13FC7311-F0A4-4422-995F-AD893B00D14F}.Release|ARM.ActiveCfg = Release|iPhone
		{13FC7311-F0A4-4422-995F-AD893B00D14F}.Release|iPhone.ActiveCfg = Release|iPhone
		{13FC7311-F0A4-4422-995F-AD893B00D14F}.Release|iPhone.Build.0 = Release|iPhone
		{13FC7311-F0A4-4422-995F-AD893B00D14F}.Release|iPhoneSimulator.ActiveCfg = Release|iPhoneSimulator
		{13FC7311-F0A4-4422-995F-AD893B00D14F}.Release|iPhoneSimulator.Build.0 = Release|iPhoneSimulator
		{13FC7311-F0A4-4422-995F-AD893B00D14F}.Release|x64.ActiveCfg = Release|iPhoneSimulator
		{13FC7311-F0A4-4422-995F-AD893B00D14F}.Release|x86.ActiveCfg = Release|iPhone
		{1359B846-CF5E-456E-815E-D617B7C5B31B}.AppStore|Any CPU.ActiveCfg = Release|Any CPU
		{1359B846-CF5E-456E-815E-D617B7C5B31B}.AppStore|Any CPU.Build.0 = Release|Any CPU
		{1359B846-CF5E-456E-815E-D617B7C5B31B}.AppStore|ARM.ActiveCfg = Release|Any CPU
		{1359B846-CF5E-456E-815E-D617B7C5B31B}.AppStore|ARM.Build.0 = Release|Any CPU
		{1359B846-CF5E-456E-815E-D617B7C5B31B}.AppStore|iPhone.ActiveCfg = Release|Any CPU
		{1359B846-CF5E-456E-815E-D617B7C5B31B}.AppStore|iPhone.Build.0 = Release|Any CPU
		{1359B846-CF5E-456E-815E-D617B7C5B31B}.AppStore|iPhoneSimulator.ActiveCfg = Release|Any CPU
		{1359B846-CF5E-456E-815E-D617B7C5B31B}.AppStore|iPhoneSimulator.Build.0 = Release|Any CPU
		{1359B846-CF5E-456E-815E-D617B7C5B31B}.AppStore|x64.ActiveCfg = Debug|Any CPU
		{1359B846-CF5E-456E-815E-D617B7C5B31B}.AppStore|x64.Build.0 = Debug|Any CPU
		{1359B846-CF5E-456E-815E-D617B7C5B31B}.AppStore|x86.ActiveCfg = Release|Any CPU
		{1359B846-CF5E-456E-815E-D617B7C5B31B}.AppStore|x86.Build.0 = Release|Any CPU
		{1359B846-CF5E-456E-815E-D617B7C5B31B}.Debug|Any CPU.ActiveCfg = Debug|Any CPU
		{1359B846-CF5E-456E-815E-D617B7C5B31B}.Debug|Any CPU.Build.0 = Debug|Any CPU
		{1359B846-CF5E-456E-815E-D617B7C5B31B}.Debug|ARM.ActiveCfg = Debug|Any CPU
		{1359B846-CF5E-456E-815E-D617B7C5B31B}.Debug|ARM.Build.0 = Debug|Any CPU
		{1359B846-CF5E-456E-815E-D617B7C5B31B}.Debug|iPhone.ActiveCfg = Debug|Any CPU
		{1359B846-CF5E-456E-815E-D617B7C5B31B}.Debug|iPhone.Build.0 = Debug|Any CPU
		{1359B846-CF5E-456E-815E-D617B7C5B31B}.Debug|iPhoneSimulator.ActiveCfg = Debug|Any CPU
		{1359B846-CF5E-456E-815E-D617B7C5B31B}.Debug|iPhoneSimulator.Build.0 = Debug|Any CPU
		{1359B846-CF5E-456E-815E-D617B7C5B31B}.Debug|x64.ActiveCfg = Debug|Any CPU
		{1359B846-CF5E-456E-815E-D617B7C5B31B}.Debug|x64.Build.0 = Debug|Any CPU
		{1359B846-CF5E-456E-815E-D617B7C5B31B}.Debug|x86.ActiveCfg = Debug|Any CPU
		{1359B846-CF5E-456E-815E-D617B7C5B31B}.Debug|x86.Build.0 = Debug|Any CPU
		{1359B846-CF5E-456E-815E-D617B7C5B31B}.Release|Any CPU.ActiveCfg = Release|Any CPU
		{1359B846-CF5E-456E-815E-D617B7C5B31B}.Release|Any CPU.Build.0 = Release|Any CPU
		{1359B846-CF5E-456E-815E-D617B7C5B31B}.Release|ARM.ActiveCfg = Release|Any CPU
		{1359B846-CF5E-456E-815E-D617B7C5B31B}.Release|ARM.Build.0 = Release|Any CPU
		{1359B846-CF5E-456E-815E-D617B7C5B31B}.Release|iPhone.ActiveCfg = Release|Any CPU
		{1359B846-CF5E-456E-815E-D617B7C5B31B}.Release|iPhone.Build.0 = Release|Any CPU
		{1359B846-CF5E-456E-815E-D617B7C5B31B}.Release|iPhoneSimulator.ActiveCfg = Release|Any CPU
		{1359B846-CF5E-456E-815E-D617B7C5B31B}.Release|iPhoneSimulator.Build.0 = Release|Any CPU
		{1359B846-CF5E-456E-815E-D617B7C5B31B}.Release|x64.ActiveCfg = Release|Any CPU
		{1359B846-CF5E-456E-815E-D617B7C5B31B}.Release|x64.Build.0 = Release|Any CPU
		{1359B846-CF5E-456E-815E-D617B7C5B31B}.Release|x86.ActiveCfg = Release|Any CPU
		{1359B846-CF5E-456E-815E-D617B7C5B31B}.Release|x86.Build.0 = Release|Any CPU
		{488DB39B-204B-44CA-B88A-35290D9B99D0}.AppStore|Any CPU.ActiveCfg = Release|x64
		{488DB39B-204B-44CA-B88A-35290D9B99D0}.AppStore|Any CPU.Build.0 = Release|x64
		{488DB39B-204B-44CA-B88A-35290D9B99D0}.AppStore|Any CPU.Deploy.0 = Release|x64
		{488DB39B-204B-44CA-B88A-35290D9B99D0}.AppStore|ARM.ActiveCfg = Release|ARM
		{488DB39B-204B-44CA-B88A-35290D9B99D0}.AppStore|ARM.Build.0 = Release|ARM
		{488DB39B-204B-44CA-B88A-35290D9B99D0}.AppStore|ARM.Deploy.0 = Release|ARM
		{488DB39B-204B-44CA-B88A-35290D9B99D0}.AppStore|iPhone.ActiveCfg = Release|x64
		{488DB39B-204B-44CA-B88A-35290D9B99D0}.AppStore|iPhone.Build.0 = Release|x64
		{488DB39B-204B-44CA-B88A-35290D9B99D0}.AppStore|iPhone.Deploy.0 = Release|x64
		{488DB39B-204B-44CA-B88A-35290D9B99D0}.AppStore|iPhoneSimulator.ActiveCfg = Release|x64
		{488DB39B-204B-44CA-B88A-35290D9B99D0}.AppStore|iPhoneSimulator.Build.0 = Release|x64
		{488DB39B-204B-44CA-B88A-35290D9B99D0}.AppStore|iPhoneSimulator.Deploy.0 = Release|x64
		{488DB39B-204B-44CA-B88A-35290D9B99D0}.AppStore|x64.ActiveCfg = Release|x64
		{488DB39B-204B-44CA-B88A-35290D9B99D0}.AppStore|x64.Build.0 = Release|x64
		{488DB39B-204B-44CA-B88A-35290D9B99D0}.AppStore|x64.Deploy.0 = Release|x64
		{488DB39B-204B-44CA-B88A-35290D9B99D0}.AppStore|x86.ActiveCfg = Release|x86
		{488DB39B-204B-44CA-B88A-35290D9B99D0}.AppStore|x86.Build.0 = Release|x86
		{488DB39B-204B-44CA-B88A-35290D9B99D0}.AppStore|x86.Deploy.0 = Release|x86
		{488DB39B-204B-44CA-B88A-35290D9B99D0}.Debug|Any CPU.ActiveCfg = Debug|x86
		{488DB39B-204B-44CA-B88A-35290D9B99D0}.Debug|Any CPU.Build.0 = Debug|x86
		{488DB39B-204B-44CA-B88A-35290D9B99D0}.Debug|Any CPU.Deploy.0 = Debug|x86
		{488DB39B-204B-44CA-B88A-35290D9B99D0}.Debug|ARM.ActiveCfg = Debug|ARM
		{488DB39B-204B-44CA-B88A-35290D9B99D0}.Debug|ARM.Build.0 = Debug|ARM
		{488DB39B-204B-44CA-B88A-35290D9B99D0}.Debug|ARM.Deploy.0 = Debug|ARM
		{488DB39B-204B-44CA-B88A-35290D9B99D0}.Debug|iPhone.ActiveCfg = Debug|x86
		{488DB39B-204B-44CA-B88A-35290D9B99D0}.Debug|iPhoneSimulator.ActiveCfg = Debug|x86
		{488DB39B-204B-44CA-B88A-35290D9B99D0}.Debug|x64.ActiveCfg = Debug|x64
		{488DB39B-204B-44CA-B88A-35290D9B99D0}.Debug|x64.Build.0 = Debug|x64
		{488DB39B-204B-44CA-B88A-35290D9B99D0}.Debug|x64.Deploy.0 = Debug|x64
		{488DB39B-204B-44CA-B88A-35290D9B99D0}.Debug|x86.ActiveCfg = Debug|x86
		{488DB39B-204B-44CA-B88A-35290D9B99D0}.Debug|x86.Build.0 = Debug|x86
		{488DB39B-204B-44CA-B88A-35290D9B99D0}.Debug|x86.Deploy.0 = Debug|x86
		{488DB39B-204B-44CA-B88A-35290D9B99D0}.Release|Any CPU.ActiveCfg = Release|x86
		{488DB39B-204B-44CA-B88A-35290D9B99D0}.Release|Any CPU.Build.0 = Release|x86
		{488DB39B-204B-44CA-B88A-35290D9B99D0}.Release|Any CPU.Deploy.0 = Release|x86
		{488DB39B-204B-44CA-B88A-35290D9B99D0}.Release|ARM.ActiveCfg = Release|ARM
		{488DB39B-204B-44CA-B88A-35290D9B99D0}.Release|ARM.Build.0 = Release|ARM
		{488DB39B-204B-44CA-B88A-35290D9B99D0}.Release|ARM.Deploy.0 = Release|ARM
		{488DB39B-204B-44CA-B88A-35290D9B99D0}.Release|iPhone.ActiveCfg = Release|x86
		{488DB39B-204B-44CA-B88A-35290D9B99D0}.Release|iPhoneSimulator.ActiveCfg = Release|x86
		{488DB39B-204B-44CA-B88A-35290D9B99D0}.Release|x64.ActiveCfg = Release|x64
		{488DB39B-204B-44CA-B88A-35290D9B99D0}.Release|x64.Build.0 = Release|x64
		{488DB39B-204B-44CA-B88A-35290D9B99D0}.Release|x64.Deploy.0 = Release|x64
		{488DB39B-204B-44CA-B88A-35290D9B99D0}.Release|x86.ActiveCfg = Release|x86
		{488DB39B-204B-44CA-B88A-35290D9B99D0}.Release|x86.Build.0 = Release|x86
		{488DB39B-204B-44CA-B88A-35290D9B99D0}.Release|x86.Deploy.0 = Release|x86
		{A6FCEF44-D2BA-42C7-B3CB-13667BCD7B54}.AppStore|Any CPU.ActiveCfg = Release|Any CPU
		{A6FCEF44-D2BA-42C7-B3CB-13667BCD7B54}.AppStore|Any CPU.Build.0 = Release|Any CPU
		{A6FCEF44-D2BA-42C7-B3CB-13667BCD7B54}.AppStore|ARM.ActiveCfg = Release|Any CPU
		{A6FCEF44-D2BA-42C7-B3CB-13667BCD7B54}.AppStore|ARM.Build.0 = Release|Any CPU
		{A6FCEF44-D2BA-42C7-B3CB-13667BCD7B54}.AppStore|iPhone.ActiveCfg = Release|Any CPU
		{A6FCEF44-D2BA-42C7-B3CB-13667BCD7B54}.AppStore|iPhone.Build.0 = Release|Any CPU
		{A6FCEF44-D2BA-42C7-B3CB-13667BCD7B54}.AppStore|iPhoneSimulator.ActiveCfg = Release|Any CPU
		{A6FCEF44-D2BA-42C7-B3CB-13667BCD7B54}.AppStore|iPhoneSimulator.Build.0 = Release|Any CPU
		{A6FCEF44-D2BA-42C7-B3CB-13667BCD7B54}.AppStore|x64.ActiveCfg = Release|Any CPU
		{A6FCEF44-D2BA-42C7-B3CB-13667BCD7B54}.AppStore|x64.Build.0 = Release|Any CPU
		{A6FCEF44-D2BA-42C7-B3CB-13667BCD7B54}.AppStore|x86.ActiveCfg = Release|Any CPU
		{A6FCEF44-D2BA-42C7-B3CB-13667BCD7B54}.AppStore|x86.Build.0 = Release|Any CPU
		{A6FCEF44-D2BA-42C7-B3CB-13667BCD7B54}.Debug|Any CPU.ActiveCfg = Debug|Any CPU
		{A6FCEF44-D2BA-42C7-B3CB-13667BCD7B54}.Debug|Any CPU.Build.0 = Debug|Any CPU
		{A6FCEF44-D2BA-42C7-B3CB-13667BCD7B54}.Debug|ARM.ActiveCfg = Debug|Any CPU
		{A6FCEF44-D2BA-42C7-B3CB-13667BCD7B54}.Debug|ARM.Build.0 = Debug|Any CPU
		{A6FCEF44-D2BA-42C7-B3CB-13667BCD7B54}.Debug|iPhone.ActiveCfg = Debug|Any CPU
		{A6FCEF44-D2BA-42C7-B3CB-13667BCD7B54}.Debug|iPhone.Build.0 = Debug|Any CPU
		{A6FCEF44-D2BA-42C7-B3CB-13667BCD7B54}.Debug|iPhoneSimulator.ActiveCfg = Debug|Any CPU
		{A6FCEF44-D2BA-42C7-B3CB-13667BCD7B54}.Debug|iPhoneSimulator.Build.0 = Debug|Any CPU
		{A6FCEF44-D2BA-42C7-B3CB-13667BCD7B54}.Debug|x64.ActiveCfg = Debug|Any CPU
		{A6FCEF44-D2BA-42C7-B3CB-13667BCD7B54}.Debug|x64.Build.0 = Debug|Any CPU
		{A6FCEF44-D2BA-42C7-B3CB-13667BCD7B54}.Debug|x86.ActiveCfg = Debug|Any CPU
		{A6FCEF44-D2BA-42C7-B3CB-13667BCD7B54}.Debug|x86.Build.0 = Debug|Any CPU
		{A6FCEF44-D2BA-42C7-B3CB-13667BCD7B54}.Release|Any CPU.ActiveCfg = Release|Any CPU
		{A6FCEF44-D2BA-42C7-B3CB-13667BCD7B54}.Release|Any CPU.Build.0 = Release|Any CPU
		{A6FCEF44-D2BA-42C7-B3CB-13667BCD7B54}.Release|ARM.ActiveCfg = Release|Any CPU
		{A6FCEF44-D2BA-42C7-B3CB-13667BCD7B54}.Release|ARM.Build.0 = Release|Any CPU
		{A6FCEF44-D2BA-42C7-B3CB-13667BCD7B54}.Release|iPhone.ActiveCfg = Release|Any CPU
		{A6FCEF44-D2BA-42C7-B3CB-13667BCD7B54}.Release|iPhone.Build.0 = Release|Any CPU
		{A6FCEF44-D2BA-42C7-B3CB-13667BCD7B54}.Release|iPhoneSimulator.ActiveCfg = Release|Any CPU
		{A6FCEF44-D2BA-42C7-B3CB-13667BCD7B54}.Release|iPhoneSimulator.Build.0 = Release|Any CPU
		{A6FCEF44-D2BA-42C7-B3CB-13667BCD7B54}.Release|x64.ActiveCfg = Release|Any CPU
		{A6FCEF44-D2BA-42C7-B3CB-13667BCD7B54}.Release|x64.Build.0 = Release|Any CPU
		{A6FCEF44-D2BA-42C7-B3CB-13667BCD7B54}.Release|x86.ActiveCfg = Release|Any CPU
		{A6FCEF44-D2BA-42C7-B3CB-13667BCD7B54}.Release|x86.Build.0 = Release|Any CPU
		{6EDB0588-FFC5-4EF5-8A99-9E241D0F878D}.AppStore|Any CPU.ActiveCfg = Release|Any CPU
		{6EDB0588-FFC5-4EF5-8A99-9E241D0F878D}.AppStore|Any CPU.Build.0 = Release|Any CPU
		{6EDB0588-FFC5-4EF5-8A99-9E241D0F878D}.AppStore|ARM.ActiveCfg = Release|Any CPU
		{6EDB0588-FFC5-4EF5-8A99-9E241D0F878D}.AppStore|ARM.Build.0 = Release|Any CPU
		{6EDB0588-FFC5-4EF5-8A99-9E241D0F878D}.AppStore|iPhone.ActiveCfg = Release|Any CPU
		{6EDB0588-FFC5-4EF5-8A99-9E241D0F878D}.AppStore|iPhone.Build.0 = Release|Any CPU
		{6EDB0588-FFC5-4EF5-8A99-9E241D0F878D}.AppStore|iPhoneSimulator.ActiveCfg = Release|Any CPU
		{6EDB0588-FFC5-4EF5-8A99-9E241D0F878D}.AppStore|iPhoneSimulator.Build.0 = Release|Any CPU
		{6EDB0588-FFC5-4EF5-8A99-9E241D0F878D}.AppStore|x64.ActiveCfg = Release|Any CPU
		{6EDB0588-FFC5-4EF5-8A99-9E241D0F878D}.AppStore|x64.Build.0 = Release|Any CPU
		{6EDB0588-FFC5-4EF5-8A99-9E241D0F878D}.AppStore|x86.ActiveCfg = Release|Any CPU
		{6EDB0588-FFC5-4EF5-8A99-9E241D0F878D}.AppStore|x86.Build.0 = Release|Any CPU
		{6EDB0588-FFC5-4EF5-8A99-9E241D0F878D}.Debug|Any CPU.ActiveCfg = Debug|Any CPU
		{6EDB0588-FFC5-4EF5-8A99-9E241D0F878D}.Debug|Any CPU.Build.0 = Debug|Any CPU
		{6EDB0588-FFC5-4EF5-8A99-9E241D0F878D}.Debug|ARM.ActiveCfg = Debug|Any CPU
		{6EDB0588-FFC5-4EF5-8A99-9E241D0F878D}.Debug|ARM.Build.0 = Debug|Any CPU
		{6EDB0588-FFC5-4EF5-8A99-9E241D0F878D}.Debug|iPhone.ActiveCfg = Debug|Any CPU
		{6EDB0588-FFC5-4EF5-8A99-9E241D0F878D}.Debug|iPhone.Build.0 = Debug|Any CPU
		{6EDB0588-FFC5-4EF5-8A99-9E241D0F878D}.Debug|iPhoneSimulator.ActiveCfg = Debug|Any CPU
		{6EDB0588-FFC5-4EF5-8A99-9E241D0F878D}.Debug|iPhoneSimulator.Build.0 = Debug|Any CPU
		{6EDB0588-FFC5-4EF5-8A99-9E241D0F878D}.Debug|x64.ActiveCfg = Debug|Any CPU
		{6EDB0588-FFC5-4EF5-8A99-9E241D0F878D}.Debug|x64.Build.0 = Debug|Any CPU
		{6EDB0588-FFC5-4EF5-8A99-9E241D0F878D}.Debug|x86.ActiveCfg = Debug|Any CPU
		{6EDB0588-FFC5-4EF5-8A99-9E241D0F878D}.Debug|x86.Build.0 = Debug|Any CPU
		{6EDB0588-FFC5-4EF5-8A99-9E241D0F878D}.Release|Any CPU.ActiveCfg = Release|Any CPU
		{6EDB0588-FFC5-4EF5-8A99-9E241D0F878D}.Release|Any CPU.Build.0 = Release|Any CPU
		{6EDB0588-FFC5-4EF5-8A99-9E241D0F878D}.Release|ARM.ActiveCfg = Release|Any CPU
		{6EDB0588-FFC5-4EF5-8A99-9E241D0F878D}.Release|ARM.Build.0 = Release|Any CPU
		{6EDB0588-FFC5-4EF5-8A99-9E241D0F878D}.Release|iPhone.ActiveCfg = Release|Any CPU
		{6EDB0588-FFC5-4EF5-8A99-9E241D0F878D}.Release|iPhone.Build.0 = Release|Any CPU
		{6EDB0588-FFC5-4EF5-8A99-9E241D0F878D}.Release|iPhoneSimulator.ActiveCfg = Release|Any CPU
		{6EDB0588-FFC5-4EF5-8A99-9E241D0F878D}.Release|iPhoneSimulator.Build.0 = Release|Any CPU
		{6EDB0588-FFC5-4EF5-8A99-9E241D0F878D}.Release|x64.ActiveCfg = Release|Any CPU
		{6EDB0588-FFC5-4EF5-8A99-9E241D0F878D}.Release|x64.Build.0 = Release|Any CPU
		{6EDB0588-FFC5-4EF5-8A99-9E241D0F878D}.Release|x86.ActiveCfg = Release|Any CPU
		{6EDB0588-FFC5-4EF5-8A99-9E241D0F878D}.Release|x86.Build.0 = Release|Any CPU
		{56A56F17-7DE1-4CA1-9617-BF32E971AC84}.AppStore|Any CPU.ActiveCfg = Release|Any CPU
		{56A56F17-7DE1-4CA1-9617-BF32E971AC84}.AppStore|Any CPU.Build.0 = Release|Any CPU
		{56A56F17-7DE1-4CA1-9617-BF32E971AC84}.AppStore|ARM.ActiveCfg = Release|Any CPU
		{56A56F17-7DE1-4CA1-9617-BF32E971AC84}.AppStore|ARM.Build.0 = Release|Any CPU
		{56A56F17-7DE1-4CA1-9617-BF32E971AC84}.AppStore|iPhone.ActiveCfg = Release|Any CPU
		{56A56F17-7DE1-4CA1-9617-BF32E971AC84}.AppStore|iPhone.Build.0 = Release|Any CPU
		{56A56F17-7DE1-4CA1-9617-BF32E971AC84}.AppStore|iPhoneSimulator.ActiveCfg = Release|Any CPU
		{56A56F17-7DE1-4CA1-9617-BF32E971AC84}.AppStore|iPhoneSimulator.Build.0 = Release|Any CPU
		{56A56F17-7DE1-4CA1-9617-BF32E971AC84}.AppStore|x64.ActiveCfg = Release|Any CPU
		{56A56F17-7DE1-4CA1-9617-BF32E971AC84}.AppStore|x64.Build.0 = Release|Any CPU
		{56A56F17-7DE1-4CA1-9617-BF32E971AC84}.AppStore|x86.ActiveCfg = Release|Any CPU
		{56A56F17-7DE1-4CA1-9617-BF32E971AC84}.AppStore|x86.Build.0 = Release|Any CPU
		{56A56F17-7DE1-4CA1-9617-BF32E971AC84}.Debug|Any CPU.ActiveCfg = Debug|Any CPU
		{56A56F17-7DE1-4CA1-9617-BF32E971AC84}.Debug|Any CPU.Build.0 = Debug|Any CPU
		{56A56F17-7DE1-4CA1-9617-BF32E971AC84}.Debug|ARM.ActiveCfg = Debug|Any CPU
		{56A56F17-7DE1-4CA1-9617-BF32E971AC84}.Debug|ARM.Build.0 = Debug|Any CPU
		{56A56F17-7DE1-4CA1-9617-BF32E971AC84}.Debug|iPhone.ActiveCfg = Debug|Any CPU
		{56A56F17-7DE1-4CA1-9617-BF32E971AC84}.Debug|iPhone.Build.0 = Debug|Any CPU
		{56A56F17-7DE1-4CA1-9617-BF32E971AC84}.Debug|iPhoneSimulator.ActiveCfg = Debug|Any CPU
		{56A56F17-7DE1-4CA1-9617-BF32E971AC84}.Debug|iPhoneSimulator.Build.0 = Debug|Any CPU
		{56A56F17-7DE1-4CA1-9617-BF32E971AC84}.Debug|x64.ActiveCfg = Debug|Any CPU
		{56A56F17-7DE1-4CA1-9617-BF32E971AC84}.Debug|x64.Build.0 = Debug|Any CPU
		{56A56F17-7DE1-4CA1-9617-BF32E971AC84}.Debug|x86.ActiveCfg = Debug|Any CPU
		{56A56F17-7DE1-4CA1-9617-BF32E971AC84}.Debug|x86.Build.0 = Debug|Any CPU
		{56A56F17-7DE1-4CA1-9617-BF32E971AC84}.Release|Any CPU.ActiveCfg = Release|Any CPU
		{56A56F17-7DE1-4CA1-9617-BF32E971AC84}.Release|Any CPU.Build.0 = Release|Any CPU
		{56A56F17-7DE1-4CA1-9617-BF32E971AC84}.Release|ARM.ActiveCfg = Release|Any CPU
		{56A56F17-7DE1-4CA1-9617-BF32E971AC84}.Release|ARM.Build.0 = Release|Any CPU
		{56A56F17-7DE1-4CA1-9617-BF32E971AC84}.Release|iPhone.ActiveCfg = Release|Any CPU
		{56A56F17-7DE1-4CA1-9617-BF32E971AC84}.Release|iPhone.Build.0 = Release|Any CPU
		{56A56F17-7DE1-4CA1-9617-BF32E971AC84}.Release|iPhoneSimulator.ActiveCfg = Release|Any CPU
		{56A56F17-7DE1-4CA1-9617-BF32E971AC84}.Release|iPhoneSimulator.Build.0 = Release|Any CPU
		{56A56F17-7DE1-4CA1-9617-BF32E971AC84}.Release|x64.ActiveCfg = Release|Any CPU
		{56A56F17-7DE1-4CA1-9617-BF32E971AC84}.Release|x64.Build.0 = Release|Any CPU
		{56A56F17-7DE1-4CA1-9617-BF32E971AC84}.Release|x86.ActiveCfg = Release|Any CPU
		{56A56F17-7DE1-4CA1-9617-BF32E971AC84}.Release|x86.Build.0 = Release|Any CPU
		{2882AEEB-D4CD-4EB9-8A6C-6653B33681F0}.AppStore|Any CPU.ActiveCfg = Release|Any CPU
		{2882AEEB-D4CD-4EB9-8A6C-6653B33681F0}.AppStore|Any CPU.Build.0 = Release|Any CPU
		{2882AEEB-D4CD-4EB9-8A6C-6653B33681F0}.AppStore|ARM.ActiveCfg = Release|Any CPU
		{2882AEEB-D4CD-4EB9-8A6C-6653B33681F0}.AppStore|ARM.Build.0 = Release|Any CPU
		{2882AEEB-D4CD-4EB9-8A6C-6653B33681F0}.AppStore|iPhone.ActiveCfg = Release|Any CPU
		{2882AEEB-D4CD-4EB9-8A6C-6653B33681F0}.AppStore|iPhone.Build.0 = Release|Any CPU
		{2882AEEB-D4CD-4EB9-8A6C-6653B33681F0}.AppStore|iPhoneSimulator.ActiveCfg = Release|Any CPU
		{2882AEEB-D4CD-4EB9-8A6C-6653B33681F0}.AppStore|iPhoneSimulator.Build.0 = Release|Any CPU
		{2882AEEB-D4CD-4EB9-8A6C-6653B33681F0}.AppStore|x64.ActiveCfg = Release|Any CPU
		{2882AEEB-D4CD-4EB9-8A6C-6653B33681F0}.AppStore|x64.Build.0 = Release|Any CPU
		{2882AEEB-D4CD-4EB9-8A6C-6653B33681F0}.AppStore|x86.ActiveCfg = Release|Any CPU
		{2882AEEB-D4CD-4EB9-8A6C-6653B33681F0}.AppStore|x86.Build.0 = Release|Any CPU
		{2882AEEB-D4CD-4EB9-8A6C-6653B33681F0}.Debug|Any CPU.ActiveCfg = Debug|Any CPU
		{2882AEEB-D4CD-4EB9-8A6C-6653B33681F0}.Debug|Any CPU.Build.0 = Debug|Any CPU
		{2882AEEB-D4CD-4EB9-8A6C-6653B33681F0}.Debug|ARM.ActiveCfg = Debug|Any CPU
		{2882AEEB-D4CD-4EB9-8A6C-6653B33681F0}.Debug|ARM.Build.0 = Debug|Any CPU
		{2882AEEB-D4CD-4EB9-8A6C-6653B33681F0}.Debug|iPhone.ActiveCfg = Debug|Any CPU
		{2882AEEB-D4CD-4EB9-8A6C-6653B33681F0}.Debug|iPhone.Build.0 = Debug|Any CPU
		{2882AEEB-D4CD-4EB9-8A6C-6653B33681F0}.Debug|iPhoneSimulator.ActiveCfg = Debug|Any CPU
		{2882AEEB-D4CD-4EB9-8A6C-6653B33681F0}.Debug|iPhoneSimulator.Build.0 = Debug|Any CPU
		{2882AEEB-D4CD-4EB9-8A6C-6653B33681F0}.Debug|x64.ActiveCfg = Debug|Any CPU
		{2882AEEB-D4CD-4EB9-8A6C-6653B33681F0}.Debug|x64.Build.0 = Debug|Any CPU
		{2882AEEB-D4CD-4EB9-8A6C-6653B33681F0}.Debug|x86.ActiveCfg = Debug|Any CPU
		{2882AEEB-D4CD-4EB9-8A6C-6653B33681F0}.Debug|x86.Build.0 = Debug|Any CPU
		{2882AEEB-D4CD-4EB9-8A6C-6653B33681F0}.Release|Any CPU.ActiveCfg = Release|Any CPU
		{2882AEEB-D4CD-4EB9-8A6C-6653B33681F0}.Release|Any CPU.Build.0 = Release|Any CPU
		{2882AEEB-D4CD-4EB9-8A6C-6653B33681F0}.Release|ARM.ActiveCfg = Release|Any CPU
		{2882AEEB-D4CD-4EB9-8A6C-6653B33681F0}.Release|ARM.Build.0 = Release|Any CPU
		{2882AEEB-D4CD-4EB9-8A6C-6653B33681F0}.Release|iPhone.ActiveCfg = Release|Any CPU
		{2882AEEB-D4CD-4EB9-8A6C-6653B33681F0}.Release|iPhone.Build.0 = Release|Any CPU
		{2882AEEB-D4CD-4EB9-8A6C-6653B33681F0}.Release|iPhoneSimulator.ActiveCfg = Release|Any CPU
		{2882AEEB-D4CD-4EB9-8A6C-6653B33681F0}.Release|iPhoneSimulator.Build.0 = Release|Any CPU
		{2882AEEB-D4CD-4EB9-8A6C-6653B33681F0}.Release|x64.ActiveCfg = Release|Any CPU
		{2882AEEB-D4CD-4EB9-8A6C-6653B33681F0}.Release|x64.Build.0 = Release|Any CPU
		{2882AEEB-D4CD-4EB9-8A6C-6653B33681F0}.Release|x86.ActiveCfg = Release|Any CPU
		{2882AEEB-D4CD-4EB9-8A6C-6653B33681F0}.Release|x86.Build.0 = Release|Any CPU
		{E34B516D-C0D8-450F-9DB0-BB6A5B04AEF1}.AppStore|Any CPU.ActiveCfg = Release|Any CPU
		{E34B516D-C0D8-450F-9DB0-BB6A5B04AEF1}.AppStore|Any CPU.Build.0 = Release|Any CPU
		{E34B516D-C0D8-450F-9DB0-BB6A5B04AEF1}.AppStore|ARM.ActiveCfg = Release|ARM
		{E34B516D-C0D8-450F-9DB0-BB6A5B04AEF1}.AppStore|ARM.Build.0 = Release|ARM
		{E34B516D-C0D8-450F-9DB0-BB6A5B04AEF1}.AppStore|iPhone.ActiveCfg = Release|Any CPU
		{E34B516D-C0D8-450F-9DB0-BB6A5B04AEF1}.AppStore|iPhone.Build.0 = Release|Any CPU
		{E34B516D-C0D8-450F-9DB0-BB6A5B04AEF1}.AppStore|iPhoneSimulator.ActiveCfg = Release|Any CPU
		{E34B516D-C0D8-450F-9DB0-BB6A5B04AEF1}.AppStore|iPhoneSimulator.Build.0 = Release|Any CPU
		{E34B516D-C0D8-450F-9DB0-BB6A5B04AEF1}.AppStore|x64.ActiveCfg = Release|x64
		{E34B516D-C0D8-450F-9DB0-BB6A5B04AEF1}.AppStore|x64.Build.0 = Release|x64
		{E34B516D-C0D8-450F-9DB0-BB6A5B04AEF1}.AppStore|x86.ActiveCfg = Release|x86
		{E34B516D-C0D8-450F-9DB0-BB6A5B04AEF1}.AppStore|x86.Build.0 = Release|x86
		{E34B516D-C0D8-450F-9DB0-BB6A5B04AEF1}.Debug|Any CPU.ActiveCfg = Debug|Any CPU
		{E34B516D-C0D8-450F-9DB0-BB6A5B04AEF1}.Debug|Any CPU.Build.0 = Debug|Any CPU
		{E34B516D-C0D8-450F-9DB0-BB6A5B04AEF1}.Debug|ARM.ActiveCfg = Debug|ARM
		{E34B516D-C0D8-450F-9DB0-BB6A5B04AEF1}.Debug|ARM.Build.0 = Debug|ARM
		{E34B516D-C0D8-450F-9DB0-BB6A5B04AEF1}.Debug|iPhone.ActiveCfg = Debug|Any CPU
		{E34B516D-C0D8-450F-9DB0-BB6A5B04AEF1}.Debug|iPhone.Build.0 = Debug|Any CPU
		{E34B516D-C0D8-450F-9DB0-BB6A5B04AEF1}.Debug|iPhoneSimulator.ActiveCfg = Debug|Any CPU
		{E34B516D-C0D8-450F-9DB0-BB6A5B04AEF1}.Debug|iPhoneSimulator.Build.0 = Debug|Any CPU
		{E34B516D-C0D8-450F-9DB0-BB6A5B04AEF1}.Debug|x64.ActiveCfg = Debug|x64
		{E34B516D-C0D8-450F-9DB0-BB6A5B04AEF1}.Debug|x64.Build.0 = Debug|x64
		{E34B516D-C0D8-450F-9DB0-BB6A5B04AEF1}.Debug|x86.ActiveCfg = Debug|x86
		{E34B516D-C0D8-450F-9DB0-BB6A5B04AEF1}.Debug|x86.Build.0 = Debug|x86
		{E34B516D-C0D8-450F-9DB0-BB6A5B04AEF1}.Release|Any CPU.ActiveCfg = Release|Any CPU
		{E34B516D-C0D8-450F-9DB0-BB6A5B04AEF1}.Release|Any CPU.Build.0 = Release|Any CPU
		{E34B516D-C0D8-450F-9DB0-BB6A5B04AEF1}.Release|ARM.ActiveCfg = Release|ARM
		{E34B516D-C0D8-450F-9DB0-BB6A5B04AEF1}.Release|ARM.Build.0 = Release|ARM
		{E34B516D-C0D8-450F-9DB0-BB6A5B04AEF1}.Release|iPhone.ActiveCfg = Release|Any CPU
		{E34B516D-C0D8-450F-9DB0-BB6A5B04AEF1}.Release|iPhone.Build.0 = Release|Any CPU
		{E34B516D-C0D8-450F-9DB0-BB6A5B04AEF1}.Release|iPhoneSimulator.ActiveCfg = Release|Any CPU
		{E34B516D-C0D8-450F-9DB0-BB6A5B04AEF1}.Release|iPhoneSimulator.Build.0 = Release|Any CPU
		{E34B516D-C0D8-450F-9DB0-BB6A5B04AEF1}.Release|x64.ActiveCfg = Release|x64
		{E34B516D-C0D8-450F-9DB0-BB6A5B04AEF1}.Release|x64.Build.0 = Release|x64
		{E34B516D-C0D8-450F-9DB0-BB6A5B04AEF1}.Release|x86.ActiveCfg = Release|x86
		{E34B516D-C0D8-450F-9DB0-BB6A5B04AEF1}.Release|x86.Build.0 = Release|x86
	EndGlobalSection
	GlobalSection(SolutionProperties) = preSolution
		HideSolutionNode = FALSE
	EndGlobalSection
	GlobalSection(NestedProjects) = preSolution
		{A6FCEF44-D2BA-42C7-B3CB-13667BCD7B54} = {98835ADF-EC2A-43B8-8942-58673A56304E}
		{6EDB0588-FFC5-4EF5-8A99-9E241D0F878D} = {98835ADF-EC2A-43B8-8942-58673A56304E}
		{56A56F17-7DE1-4CA1-9617-BF32E971AC84} = {98835ADF-EC2A-43B8-8942-58673A56304E}
		{2882AEEB-D4CD-4EB9-8A6C-6653B33681F0} = {98835ADF-EC2A-43B8-8942-58673A56304E}
		{E34B516D-C0D8-450F-9DB0-BB6A5B04AEF1} = {98835ADF-EC2A-43B8-8942-58673A56304E}
	EndGlobalSection
EndGlobal
